
Microsoft Visual Studio Solution File, Format Version 12.00
# Visual Studio 2012
Project("{FAE04EC0-301F-11D3-BF4B-00C04F79EFBC}") = "RulesManagement", "RulesManagement\RulesManagement.csproj", "{0C9CEEDB-9C80-4A2B-9780-B6A3C943EA6F}"
EndProject
Project("{FAE04EC0-301F-11D3-BF4B-00C04F79EFBC}") = "RulesManagement.Mvc", "RulesManagement.Mvc\RulesManagement.Mvc.csproj", "{F3B1B021-46FF-4BFF-B512-3CCFEF00E319}"
EndProject
Project("{FAE04EC0-301F-11D3-BF4B-00C04F79EFBC}") = "RulesManagement.Wpf", "RulesManagement.Wpf\RulesManagement.Wpf.csproj", "{8FFC88D2-216F-4EB6-B695-928E0CA2C0D3}"
EndProject
Global
	GlobalSection(SolutionConfigurationPlatforms) = preSolution
		Debug|Any CPU = Debug|Any CPU
		Release|Any CPU = Release|Any CPU
	EndGlobalSection
	GlobalSection(ProjectConfigurationPlatforms) = postSolution
		{0C9CEEDB-9C80-4A2B-9780-B6A3C943EA6F}.Debug|Any CPU.ActiveCfg = Debug|Any CPU
		{0C9CEEDB-9C80-4A2B-9780-B6A3C943EA6F}.Debug|Any CPU.Build.0 = Debug|Any CPU
		{0C9CEEDB-9C80-4A2B-9780-B6A3C943EA6F}.Release|Any CPU.ActiveCfg = Release|Any CPU
		{0C9CEEDB-9C80-4A2B-9780-B6A3C943EA6F}.Release|Any CPU.Build.0 = Release|Any CPU
		{F3B1B021-46FF-4BFF-B512-3CCFEF00E319}.Debug|Any CPU.ActiveCfg = Debug|Any CPU
		{F3B1B021-46FF-4BFF-B512-3CCFEF00E319}.Debug|Any CPU.Build.0 = Debug|Any CPU
		{F3B1B021-46FF-4BFF-B512-3CCFEF00E319}.Release|Any CPU.ActiveCfg = Release|Any CPU
		{F3B1B021-46FF-4BFF-B512-3CCFEF00E319}.Release|Any CPU.Build.0 = Release|Any CPU
		{8FFC88D2-216F-4EB6-B695-928E0CA2C0D3}.Debug|Any CPU.ActiveCfg = Debug|Any CPU
		{8FFC88D2-216F-4EB6-B695-928E0CA2C0D3}.Debug|Any CPU.Build.0 = Debug|Any CPU
		{8FFC88D2-216F-4EB6-B695-928E0CA2C0D3}.Release|Any CPU.ActiveCfg = Release|Any CPU
		{8FFC88D2-216F-4EB6-B695-928E0CA2C0D3}.Release|Any CPU.Build.0 = Release|Any CPU
	EndGlobalSection
	GlobalSection(SolutionProperties) = preSolution
		HideSolutionNode = FALSE
	EndGlobalSection
EndGlobal
